uuid: c919ac2e-2449-4dc8-a9f8-8f9ae155787a
langcode: es
status: false
dependencies:
  module:
    - calculo_saldo_cliente
    - node
  theme:
    - olivero_custom
id: olivero_custom_editablefieldsblock
theme: olivero_custom
region: content
weight: 0
provider: null
plugin: editable_fields_block
settings:
  id: editable_fields_block
  label: 'Editable Fields Block'
  label_display: visible
  provider: calculo_saldo_cliente
visibility:
  'entity_bundle:node':
    id: 'entity_bundle:node'
    negate: false
    context_mapping:
      node: '@node.node_route_context:node'
    bundles:
      clientes_deudores: clientes_deudores
